// !$*UTF8*$!
{
	archiveVersion = 1;
	classes = {
	};
	objectVersion = 55;
	objects = {

/* Begin PBXBuildFile section */
		9C1E4583279F4CF600E43FE1 /* AppDelegate.swift in Sources */ = {isa = PBXBuildFile; fileRef = 9C1E4582279F4CF600E43FE1 /* AppDelegate.swift */; };
		9C1E4585279F4CF600E43FE1 /* SceneDelegate.swift in Sources */ = {isa = PBXBuildFile; fileRef = 9C1E4584279F4CF600E43FE1 /* SceneDelegate.swift */; };
		9C1E4587279F4CF600E43FE1 /* ViewController.swift in Sources */ = {isa = PBXBuildFile; fileRef = 9C1E4586279F4CF600E43FE1 /* ViewController.swift */; };
		9C1E458A279F4CF600E43FE1 /* Main.storyboard in Resources */ = {isa = PBXBuildFile; fileRef = 9C1E4588279F4CF600E43FE1 /* Main.storyboard */; };
		9C1E458C279F4CF800E43FE1 /* Assets.xcassets in Resources */ = {isa = PBXBuildFile; fileRef = 9C1E458B279F4CF800E43FE1 /* Assets.xcassets */; };
		9C1E458F279F4CF800E43FE1 /* LaunchScreen.storyboard in Resources */ = {isa = PBXBuildFile; fileRef = 9C1E458D279F4CF800E43FE1 /* LaunchScreen.storyboard */; };
		9C1E459A279F4CF800E43FE1 /* Hello_World_2_0Tests.swift in Sources */ = {isa = PBXBuildFile; fileRef = 9C1E4599279F4CF800E43FE1 /* Hello_World_2_0Tests.swift */; };
		9C1E45A4279F4CF800E43FE1 /* Hello_World_2_0UITests.swift in Sources */ = {isa = PBXBuildFile; fileRef = 9C1E45A3279F4CF800E43FE1 /* Hello_World_2_0UITests.swift */; };
		9C1E45A6279F4CF800E43FE1 /* Hello_World_2_0UITestsLaunchTests.swift in Sources */ = {isa = PBXBuildFile; fileRef = 9C1E45A5279F4CF800E43FE1 /* Hello_World_2_0UITestsLaunchTests.swift */; };
/* End PBXBuildFile section */

/* Begin PBXContainerItemProxy section */
		9C1E4596279F4CF800E43FE1 /* PBXContainerItemProxy */ = {
			isa = PBXContainerItemProxy;
			containerPortal = 9C1E4577279F4CF600E43FE1 /* Project object */;
			proxyType = 1;
			remoteGlobalIDString = 9C1E457E279F4CF600E43FE1;
			remoteInfo = "Hello World 2.0";
		};
		9C1E45A0279F4CF800E43FE1 /* PBXContainerItemProxy */ = {
			isa = PBXContainerItemProxy;
			containerPortal = 9C1E4577279F4CF600E43FE1 /* Project object */;
			proxyType = 1;
			remoteGlobalIDString = 9C1E457E279F4CF600E43FE1;
			remoteInfo = "Hello World 2.0";
		};
/* End PBXContainerItemProxy section */

/* Begin PBXFileReference section */
		9C1E457F279F4CF600E43FE1 /* Hello World 2.0.app */ = {isa = PBXFileReference; explicitFileType = wrapper.application; includeInIndex = 0; path = "Hello World 2.0.app"; sourceTree = BUILT_PRODUCTS_DIR; };
		9C1E4582279F4CF600E43FE1 /* AppDelegate.swift */ = {isa = PBXFileReference; lastKnownFileType = sourcecode.swift; path = AppDelegate.swift; sourceTree = "<group>"; };
		9C1E4584279F4CF600E43FE1 /* SceneDelegate.swift */ = {isa = PBXFileReference; lastKnownFileType = sourcecode.swift; path = SceneDelegate.swift; sourceTree = "<group>"; };
		9C1E4586279F4CF600E43FE1 /* ViewController.swift */ = {isa = PBXFileReference; lastKnownFileType = sourcecode.swift; path = ViewController.swift; sourceTree = "<group>"; };
		9C1E4589279F4CF600E43FE1 /* Base */ = {isa = PBXFileReference; lastKnownFileType = file.storyboard; name = Base; path = Base.lproj/Main.storyboard; sourceTree = "<group>"; };
		9C1E458B279F4CF800E43FE1 /* Assets.xcassets */ = {isa = PBXFileReference; lastKnownFileType = folder.assetcatalog; path = Assets.xcassets; sourceTree = "<group>"; };
		9C1E458E279F4CF800E43FE1 /* Base */ = {isa = PBXFileReference; lastKnownFileType = file.storyboard; name = Base; path = Base.lproj/LaunchScreen.storyboard; sourceTree = "<group>"; };
		9C1E4590279F4CF800E43FE1 /* Info.plist */ = {isa = PBXFileReference; lastKnownFileType = text.plist.xml; path = Info.plist; sourceTree = "<group>"; };
		9C1E4595279F4CF800E43FE1 /* Hello World 2.0Tests.xctest */ = {isa = PBXFileReference; explicitFileType = wrapper.cfbundle; includeInIndex = 0; path = "Hello World 2.0Tests.xctest"; sourceTree = BUILT_PRODUCTS_DIR; };
		9C1E4599279F4CF800E43FE1 /* Hello_World_2_0Tests.swift */ = {isa = PBXFileReference; lastKnownFileType = sourcecode.swift; path = Hello_World_2_0Tests.swift; sourceTree = "<group>"; };
		9C1E459F279F4CF800E43FE1 /* Hello World 2.0UITests.xctest */ = {isa = PBXFileReference; explicitFileType = wrapper.cfbundle; includeInIndex = 0; path = "Hello World 2.0UITests.xctest"; sourceTree = BUILT_PRODUCTS_DIR; };
		9C1E45A3279F4CF800E43FE1 /* Hello_World_2_0UITests.swift */ = {isa = PBXFileReference; lastKnownFileType = sourcecode.swift; path = Hello_World_2_0UITests.swift; sourceTree = "<group>"; };
		9C1E45A5279F4CF800E43FE1 /* Hello_World_2_0UITestsLaunchTests.swift */ = {isa = PBXFileReference; lastKnownFileType = sourcecode.swift; path = Hello_World_2_0UITestsLaunchTests.swift; sourceTree = "<group>"; };
/* End PBXFileReference section */

/* Begin PBXFrameworksBuildPhase section */
		9C1E457C279F4CF600E43FE1 /* Frameworks */ = {
			isa = PBXFrameworksBuildPhase;
			buildActionMask = 2147483647;
			files = (
			);
			runOnlyForDeploymentPostprocessing = 0;
		};
		9C1E4592279F4CF800E43FE1 /* Frameworks */ = {
			isa = PBXFrameworksBuildPhase;
			buildActionMask = 2147483647;
			files = (
			);
			runOnlyForDeploymentPostprocessing = 0;
		};
		9C1E459C279F4CF800E43FE1 /* Frameworks */ = {
			isa = PBXFrameworksBuildPhase;
			buildActionMask = 2147483647;
			files = (
			);
			runOnlyForDeploymentPostprocessing = 0;
		};
/* End PBXFrameworksBuildPhase section */

/* Begin PBXGroup section */
		9C1E4576279F4CF600E43FE1 = {
			isa = PBXGroup;
			children = (
				9C1E4581279F4CF600E43FE1 /* Hello World 2.0 */,
				9C1E4598279F4CF800E43FE1 /* Hello World 2.0Tests */,
				9C1E45A2279F4CF800E43FE1 /* Hello World 2.0UITests */,
				9C1E4580279F4CF600E43FE1 /* Products */,
			);
			sourceTree = "<group>";
		};
		9C1E4580279F4CF600E43FE1 /* Products */ = {
			isa = PBXGroup;
			children = (
				9C1E457F279F4CF600E43FE1 /* Hello World 2.0.app */,
				9C1E4595279F4CF800E43FE1 /* Hello World 2.0Tests.xctest */,
				9C1E459F279F4CF800E43FE1 /* Hello World 2.0UITests.xctest */,
			);
			name = Products;
			sourceTree = "<group>";
		};
		9C1E4581279F4CF600E43FE1 /* Hello World 2.0 */ = {
			isa = PBXGroup;
			children = (
				9C1E4582279F4CF600E43FE1 /* AppDelegate.swift */,
				9C1E4584279F4CF600E43FE1 /* SceneDelegate.swift */,
				9C1E4586279F4CF600E43FE1 /* ViewController.swift */,
				9C1E4588279F4CF600E43FE1 /* Main.storyboard */,
				9C1E458B279F4CF800E43FE1 /* Assets.xcassets */,
				9C1E458D279F4CF800E43FE1 /* LaunchScreen.storyboard */,
				9C1E4590279F4CF800E43FE1 /* Info.plist */,
			);
			path = "Hello World 2.0";
			sourceTree = "<group>";
		};
		9C1E4598279F4CF800E43FE1 /* Hello World 2.0Tests */ = {
			isa = PBXGroup;
			children = (
				9C1E4599279F4CF800E43FE1 /* Hello_World_2_0Tests.swift */,
			);
			path = "Hello World 2.0Tests";
			sourceTree = "<group>";
		};
		9C1E45A2279F4CF800E43FE1 /* Hello World 2.0UITests */ = {
			isa = PBXGroup;
			children = (
				9C1E45A3279F4CF800E43FE1 /* Hello_World_2_0UITests.swift */,
				9C1E45A5279F4CF800E43FE1 /* Hello_World_2_0UITestsLaunchTests.swift */,
			);
			path = "Hello World 2.0UITests";
			sourceTree = "<group>";
		};
/* End PBXGroup section */

/* Begin PBXNativeTarget section */
		9C1E457E279F4CF600E43FE1 /* Hello World 2.0 */ = {
			isa = PBXNativeTarget;
			buildConfigurationList = 9C1E45A9279F4CF800E43FE1 /* Build configuration list for PBXNativeTarget "Hello World 2.0" */;
			buildPhases = (
				9C1E457B279F4CF600E43FE1 /* Sources */,
				9C1E457C279F4CF600E43FE1 /* Frameworks */,
				9C1E457D279F4CF600E43FE1 /* Resources */,
			);
			buildRules = (
			);
			dependencies = (
			);
			name = "Hello World 2.0";
			productName = "Hello World 2.0";
			productReference = 9C1E457F279F4CF600E43FE1 /* Hello World 2.0.app */;
			productType = "com.apple.product-type.application";
		};
		9C1E4594279F4CF800E43FE1 /* Hello World 2.0Tests */ = {
			isa = PBXNativeTarget;
			buildConfigurationList = 9C1E45AC279F4CF800E43FE1 /* Build configuration list for PBXNativeTarget "Hello World 2.0Tests" */;
			buildPhases = (
				9C1E4591279F4CF800E43FE1 /* Sources */,
				9C1E4592279F4CF800E43FE1 /* Frameworks */,
				9C1E4593279F4CF800E43FE1 /* Resources */,
			);
			buildRules = (
			);
			dependencies = (
				9C1E4597279F4CF800E43FE1 /* PBXTargetDependency */,
			);
			name = "Hello World 2.0Tests";
			productName = "Hello World 2.0Tests";
			productReference = 9C1E4595279F4CF800E43FE1 /* Hello World 2.0Tests.xctest */;
			productType = "com.apple.product-type.bundle.unit-test";
		};
		9C1E459E279F4CF800E43FE1 /* Hello World 2.0UITests */ = {
			isa = PBXNativeTarget;
			buildConfigurationList = 9C1E45AF279F4CF800E43FE1 /* Build configuration list for PBXNativeTarget "Hello World 2.0UITests" */;
			buildPhases = (
				9C1E459B279F4CF800E43FE1 /* Sources */,
				9C1E459C279F4CF800E43FE1 /* Frameworks */,
				9C1E459D279F4CF800E43FE1 /* Resources */,
			);
			buildRules = (
			);
			dependencies = (
				9C1E45A1279F4CF800E43FE1 /* PBXTargetDependency */,
			);
			name = "Hello World 2.0UITests";
			productName = "Hello World 2.0UITests";
			productReference = 9C1E459F279F4CF800E43FE1 /* Hello World 2.0UITests.xctest */;
			productType = "com.apple.product-type.bundle.ui-testing";
		};
/* End PBXNativeTarget section */

/* Begin PBXProject section */
		9C1E4577279F4CF600E43FE1 /* Project object */ = {
			isa = PBXProject;
			attributes = {
				BuildIndependentTargetsInParallel = 1;
				LastSwiftUpdateCheck = 1320;
				LastUpgradeCheck = 1320;
				TargetAttributes = {
					9C1E457E279F4CF600E43FE1 = {
						CreatedOnToolsVersion = 13.2;
					};
					9C1E4594279F4CF800E43FE1 = {
						CreatedOnToolsVersion = 13.2;
						TestTargetID = 9C1E457E279F4CF600E43FE1;
					};
					9C1E459E279F4CF800E43FE1 = {
						CreatedOnToolsVersion = 13.2;
						TestTargetID = 9C1E457E279F4CF600E43FE1;
					};
				};
			};
			buildConfigurationList = 9C1E457A279F4CF600E43FE1 /* Build configuration list for PBXProject "Hello World 2.0" */;
			compatibilityVersion = "Xcode 13.0";
			developmentRegion = en;
			hasScannedForEncodings = 0;
			knownRegions = (
				en,
				Base,
			);
			mainGroup = 9C1E4576279F4CF600E43FE1;
			productRefGroup = 9C1E4580279F4CF600E43FE1 /* Products */;
			projectDirPath = "";
			projectRoot = "";
			targets = (
				9C1E457E279F4CF600E43FE1 /* Hello World 2.0 */,
				9C1E4594279F4CF800E43FE1 /* Hello World 2.0Tests */,
				9C1E459E279F4CF800E43FE1 /* Hello World 2.0UITests */,
			);
		};
/* End PBXProject section */

/* Begin PBXResourcesBuildPhase section */
		9C1E457D279F4CF600E43FE1 /* Resources */ = {
			isa = PBXResourcesBuildPhase;
			buildActionMask = 2147483647;
			files = (
				9C1E458F279F4CF800E43FE1 /* LaunchScreen.storyboard in Resources */,
				9C1E458C279F4CF800E43FE1 /* Assets.xcassets in Resources */,
				9C1E458A279F4CF600E43FE1 /* Main.storyboard in Resources */,
			);
			runOnlyForDeploymentPostprocessing = 0;
		};
		9C1E4593279F4CF800E43FE1 /* Resources */ = {
			isa = PBXResourcesBuildPhase;
			buildActionMask = 2147483647;
			files = (
			);
			runOnlyForDeploymentPostprocessing = 0;
		};
		9C1E459D279F4CF800E43FE1 /* Resources */ = {
			isa = PBXResourcesBuildPhase;
			buildActionMask = 2147483647;
			files = (
			);
			runOnlyForDeploymentPostprocessing = 0;
		};
/* End PBXResourcesBuildPhase section */

/* Begin PBXSourcesBuildPhase section */
		9C1E457B279F4CF600E43FE1 /* Sources */ = {
			isa = PBXSourcesBuildPhase;
			buildActionMask = 2147483647;
			files = (
				9C1E4587279F4CF600E43FE1 /* ViewController.swift in Sources */,
				9C1E4583279F4CF600E43FE1 /* AppDelegate.swift in Sources */,
				9C1E4585279F4CF600E43FE1 /* SceneDelegate.swift in Sources */,
			);
			runOnlyForDeploymentPostprocessing = 0;
		};
		9C1E4591279F4CF800E43FE1 /* Sources */ = {
			isa = PBXSourcesBuildPhase;
			buildActionMask = 2147483647;
			files = (
				9C1E459A279F4CF800E43FE1 /* Hello_World_2_0Tests.swift in Sources */,
			);
			runOnlyForDeploymentPostprocessing = 0;
		};
		9C1E459B279F4CF800E43FE1 /* Sources */ = {
			isa = PBXSourcesBuildPhase;
			buildActionMask = 2147483647;
			files = (
				9C1E45A6279F4CF800E43FE1 /* Hello_World_2_0UITestsLaunchTests.swift in Sources */,
				9C1E45A4279F4CF800E43FE1 /* Hello_World_2_0UITests.swift in Sources */,
			);
			runOnlyForDeploymentPostprocessing = 0;
		};
/* End PBXSourcesBuildPhase section */

/* Begin PBXTargetDependency section */
		9C1E4597279F4CF800E43FE1 /* PBXTargetDependency */ = {
			isa = PBXTargetDependency;
			target = 9C1E457E279F4CF600E43FE1 /* Hello World 2.0 */;
			targetProxy = 9C1E4596279F4CF800E43FE1 /* PBXContainerItemProxy */;
		};
		9C1E45A1279F4CF800E43FE1 /* PBXTargetDependency */ = {
			isa = PBXTargetDependency;
			target = 9C1E457E279F4CF600E43FE1 /* Hello World 2.0 */;
			targetProxy = 9C1E45A0279F4CF800E43FE1 /* PBXContainerItemProxy */;
		};
/* End PBXTargetDependency section */

/* Begin PBXVariantGroup section */
		9C1E4588279F4CF600E43FE1 /* Main.storyboard */ = {
			isa = PBXVariantGroup;
			children = (
				9C1E4589279F4CF600E43FE1 /* Base */,
			);
			name = Main.storyboard;
			sourceTree = "<group>";
		};
		9C1E458D279F4CF800E43FE1 /* LaunchScreen.storyboard */ = {
			isa = PBXVariantGroup;
			children = (
				9C1E458E279F4CF800E43FE1 /* Base */,
			);
			name = LaunchScreen.storyboard;
			sourceTree = "<group>";
		};
/* End PBXVariantGroup section */

/* Begin XCBuildConfiguration section */
		9C1E45A7279F4CF800E43FE1 /* Debug */ = {
			isa = XCBuildConfiguration;
			buildSettings = {
				ALWAYS_SEARCH_USER_PATHS = NO;
				CLANG_ANALYZER_NONNULL = YES;
				CLANG_ANALYZER_NUMBER_OBJECT_CONVERSION = YES_AGGRESSIVE;
				CLANG_CXX_LANGUAGE_STANDARD = "gnu++17";
				CLANG_CXX_LIBRARY = "libc++";
				CLANG_ENABLE_MODULES = YES;
				CLANG_ENABLE_OBJC_ARC = YES;
				CLANG_ENABLE_OBJC_WEAK = YES;
				CLANG_WARN_BLOCK_CAPTURE_AUTORELEASING = YES;
				CLANG_WARN_BOOL_CONVERSION = YES;
				CLANG_WARN_COMMA = YES;
				CLANG_WARN_CONSTANT_CONVERSION = YES;
				CLANG_WARN_DEPRECATED_OBJC_IMPLEMENTATIONS = YES;
				CLANG_WARN_DIRECT_OBJC_ISA_USAGE = YES_ERROR;
				CLANG_WARN_DOCUMENTATION_COMMENTS = YES;
				CLANG_WARN_EMPTY_BODY = YES;
				CLANG_WARN_ENUM_CONVERSION = YES;
				CLANG_WARN_INFINITE_RECURSION = YES;
				CLANG_WARN_INT_CONVERSION = YES;
				CLANG_WARN_NON_LITERAL_NULL_CONVERSION = YES;
				CLANG_WARN_OBJC_IMPLICIT_RETAIN_SELF = YES;
				CLANG_WARN_OBJC_LITERAL_CONVERSION = YES;
				CLANG_WARN_OBJC_ROOT_CLASS = YES_ERROR;
				CLANG_WARN_QUOTED_INCLUDE_IN_FRAMEWORK_HEADER = YES;
				CLANG_WARN_RANGE_LOOP_ANALYSIS = YES;
				CLANG_WARN_STRICT_PROTOTYPES = YES;
				CLANG_WARN_SUSPICIOUS_MOVE = YES;
				CLANG_WARN_UNGUARDED_AVAILABILITY = YES_AGGRESSIVE;
				CLANG_WARN_UNREACHABLE_CODE = YES;
				CLANG_WARN__DUPLICATE_METHOD_MATCH = YES;
				COPY_PHASE_STRIP = NO;
				DEBUG_INFORMATION_FORMAT = dwarf;
				ENABLE_STRICT_OBJC_MSGSEND = YES;
				ENABLE_TESTABILITY = YES;
				GCC_C_LANGUAGE_STANDARD = gnu11;
				GCC_DYNAMIC_NO_PIC = NO;
				GCC_NO_COMMON_BLOCKS = YES;
				GCC_OPTIMIZATION_LEVEL = 0;
				GCC_PREPROCESSOR_DEFINITIONS = (
					"DEBUG=1",
					"$(inherited)",
				);
				GCC_WARN_64_TO_32_BIT_CONVERSION = YES;
				GCC_WARN_ABOUT_RETURN_TYPE = YES_ERROR;
				GCC_WARN_UNDECLARED_SELECTOR = YES;
				GCC_WARN_UNINITIALIZED_AUTOS = YES_AGGRESSIVE;
				GCC_WARN_UNUSED_FUNCTION = YES;
				GCC_WARN_UNUSED_VARIABLE = YES;
				IPHONEOS_DEPLOYMENT_TARGET = 15.2;
				MTL_ENABLE_DEBUG_INFO = INCLUDE_SOURCE;
				MTL_FAST_MATH = YES;
				ONLY_ACTIVE_ARCH = YES;
				SDKROOT = iphoneos;
				SWIFT_ACTIVE_COMPILATION_CONDITIONS = DEBUG;
				SWIFT_OPTIMIZATION_LEVEL = "-Onone";
			};
			name = Debug;
		};
		9C1E45A8279F4CF800E43FE1 /* Release */ = {
			isa = XCBuildConfiguration;
			buildSettings = {
				ALWAYS_SEARCH_USER_PATHS = NO;
				CLANG_ANALYZER_NONNULL = YES;
				CLANG_ANALYZER_NUMBER_OBJECT_CONVERSION = YES_AGGRESSIVE;
				CLANG_CXX_LANGUAGE_STANDARD = "gnu++17";
				CLANG_CXX_LIBRARY = "libc++";
				CLANG_ENABLE_MODULES = YES;
				CLANG_ENABLE_OBJC_ARC = YES;
				CLANG_ENABLE_OBJC_WEAK = YES;
				CLANG_WARN_BLOCK_CAPTURE_AUTORELEASING = YES;
				CLANG_WARN_BOOL_CONVERSION = YES;
				CLANG_WARN_COMMA = YES;
				CLANG_WARN_CONSTANT_CONVERSION = YES;
				CLANG_WARN_DEPRECATED_OBJC_IMPLEMENTATIONS = YES;
				CLANG_WARN_DIRECT_OBJC_ISA_USAGE = YES_ERROR;
				CLANG_WARN_DOCUMENTATION_COMMENTS = YES;
				CLANG_WARN_EMPTY_BODY = YES;
				CLANG_WARN_ENUM_CONVERSION = YES;
				CLANG_WARN_INFINITE_RECURSION = YES;
				CLANG_WARN_INT_CONVERSION = YES;
				CLANG_WARN_NON_LITERAL_NULL_CONVERSION = YES;
				CLANG_WARN_OBJC_IMPLICIT_RETAIN_SELF = YES;
				CLANG_WARN_OBJC_LITERAL_CONVERSION = YES;
				CLANG_WARN_OBJC_ROOT_CLASS = YES_ERROR;
				CLANG_WARN_QUOTED_INCLUDE_IN_FRAMEWORK_HEADER = YES;
				CLANG_WARN_RANGE_LOOP_ANALYSIS = YES;
				CLANG_WARN_STRICT_PROTOTYPES = YES;
				CLANG_WARN_SUSPICIOUS_MOVE = YES;
				CLANG_WARN_UNGUARDED_AVAILABILITY = YES_AGGRESSIVE;
				CLANG_WARN_UNREACHABLE_CODE = YES;
				CLANG_WARN__DUPLICATE_METHOD_MATCH = YES;
				COPY_PHASE_STRIP = NO;
				DEBUG_INFORMATION_FORMAT = "dwarf-with-dsym";
				ENABLE_NS_ASSERTIONS = NO;
				ENABLE_STRICT_OBJC_MSGSEND = YES;
				GCC_C_LANGUAGE_STANDARD = gnu11;
				GCC_NO_COMMON_BLOCKS = YES;
				GCC_WARN_64_TO_32_BIT_CONVERSION = YES;
				GCC_WARN_ABOUT_RETURN_TYPE = YES_ERROR;
				GCC_WARN_UNDECLARED_SELECTOR = YES;
				GCC_WARN_UNINITIALIZED_AUTOS = YES_AGGRESSIVE;
				GCC_WARN_UNUSED_FUNCTION = YES;
				GCC_WARN_UNUSED_VARIABLE = YES;
				IPHONEOS_DEPLOYMENT_TARGET = 15.2;
				MTL_ENABLE_DEBUG_INFO = NO;
				MTL_FAST_MATH = YES;
				SDKROOT = iphoneos;
				SWIFT_COMPILATION_MODE = wholemodule;
				SWIFT_OPTIMIZATION_LEVEL = "-O";
				VALIDATE_PRODUCT = YES;
			};
			name = Release;
		};
		9C1E45AA279F4CF800E43FE1 /* Debug */ = {
			isa = XCBuildConfiguration;
			buildSettings = {
				ASSETCATALOG_COMPILER_APPICON_NAME = AppIcon;
				ASSETCATALOG_COMPILER_GLOBAL_ACCENT_COLOR_NAME = AccentColor;
				CODE_SIGN_STYLE = Automatic;
				CURRENT_PROJECT_VERSION = 1;
				GENERATE_INFOPLIST_FILE = YES;
				INFOPLIST_FILE = "Hello World 2.0/Info.plist";
				INFOPLIST_KEY_UIApplicationSupportsIndirectInputEvents = YES;
				INFOPLIST_KEY_UILaunchStoryboardName = LaunchScreen;
				INFOPLIST_KEY_UIMainStoryboardFile = Main;
				INFOPLIST_KEY_UISupportedInterfaceOrientations_iPad = "UIInterfaceOrientationPortrait UIInterfaceOrientationPortraitUpsideDown UIInterfaceOrientationLandscapeLeft UIInterfaceOrientationLandscapeRight";
				INFOPLIST_KEY_UISupportedInterfaceOrientations_iPhone = "UIInterfaceOrientationPortrait UIInterfaceOrientationLandscapeLeft UIInterfaceOrientationLandscapeRight";
				LD_RUNPATH_SEARCH_PATHS = (
					"$(inherited)",
					"@executable_path/Frameworks",
				);
				MARKETING_VERSION = 1.0;
				PRODUCT_BUNDLE_IDENTIFIER = "Futures-Lab.Hello-World-2-0";
				PRODUCT_NAME = "$(TARGET_NAME)";
				SWIFT_EMIT_LOC_STRINGS = YES;
				SWIFT_VERSION = 5.0;
				TARGETED_DEVICE_FAMILY = "1,2";
			};
			name = Debug;
		};
		9C1E45AB279F4CF800E43FE1 /* Release */ = {
			isa = XCBuildConfiguration;
			buildSettings = {
				ASSETCATALOG_COMPILER_APPICON_NAME = AppIcon;
				ASSETCATALOG_COMPILER_GLOBAL_ACCENT_COLOR_NAME = AccentColor;
				CODE_SIGN_STYLE = Automatic;
				CURRENT_PROJECT_VERSION = 1;
				GENERATE_INFOPLIST_FILE = YES;
				INFOPLIST_FILE = "Hello World 2.0/Info.plist";
				INFOPLIST_KEY_UIApplicationSupportsIndirectInputEvents = YES;
				INFOPLIST_KEY_UILaunchStoryboardName = LaunchScreen;
				INFOPLIST_KEY_UIMainStoryboardFile = Main;
				INFOPLIST_KEY_UISupportedInterfaceOrientations_iPad = "UIInterfaceOrientationPortrait UIInterfaceOrientationPortraitUpsideDown UIInterfaceOrientationLandscapeLeft UIInterfaceOrientationLandscapeRight";
				INFOPLIST_KEY_UISupportedInterfaceOrientations_iPhone = "UIInterfaceOrientationPortrait UIInterfaceOrientationLandscapeLeft UIInterfaceOrientationLandscapeRight";
				LD_RUNPATH_SEARCH_PATHS = (
					"$(inherited)",
					"@executable_path/Frameworks",
				);
				MARKETING_VERSION = 1.0;
				PRODUCT_BUNDLE_IDENTIFIER = "Futures-Lab.Hello-World-2-0";
				PRODUCT_NAME = "$(TARGET_NAME)";
				SWIFT_EMIT_LOC_STRINGS = YES;
				SWIFT_VERSION = 5.0;
				TARGETED_DEVICE_FAMILY = "1,2";
			};
			name = Release;
		};
		9C1E45AD279F4CF800E43FE1 /* Debug */ = {
			isa = XCBuildConfiguration;
			buildSettings = {
				ALWAYS_EMBED_SWIFT_STANDARD_LIBRARIES = YES;
				BUNDLE_LOADER = "$(TEST_HOST)";
				CODE_SIGN_STYLE = Automatic;
				CURRENT_PROJECT_VERSION = 1;
				GENERATE_INFOPLIST_FILE = YES;
				IPHONEOS_DEPLOYMENT_TARGET = 15.2;
				MARKETING_VERSION = 1.0;
				PRODUCT_BUNDLE_IDENTIFIER = "Futures-Lab.Hello-World-2-0Tests";
				PRODUCT_NAME = "$(TARGET_NAME)";
				SWIFT_EMIT_LOC_STRINGS = NO;
				SWIFT_VERSION = 5.0;
				TARGETED_DEVICE_FAMILY = "1,2";
				TEST_HOST = "$(BUILT_PRODUCTS_DIR)/Hello World 2.0.app/Hello World 2.0";
			};
			name = Debug;
		};
		9C1E45AE279F4CF800E43FE1 /* Release */ = {
			isa = XCBuildConfiguration;
			buildSettings = {
				ALWAYS_EMBED_SWIFT_STANDARD_LIBRARIES = YES;
				BUNDLE_LOADER = "$(TEST_HOST)";
				CODE_SIGN_STYLE = Automatic;
				CURRENT_PROJECT_VERSION = 1;
				GENERATE_INFOPLIST_FILE = YES;
				IPHONEOS_DEPLOYMENT_TARGET = 15.2;
				MARKETING_VERSION = 1.0;
				PRODUCT_BUNDLE_IDENTIFIER = "Futures-Lab.Hello-World-2-0Tests";
				PRODUCT_NAME = "$(TARGET_NAME)";
				SWIFT_EMIT_LOC_STRINGS = NO;
				SWIFT_VERSION = 5.0;
				TARGETED_DEVICE_FAMILY = "1,2";
				TEST_HOST = "$(BUILT_PRODUCTS_DIR)/Hello World 2.0.app/Hello World 2.0";
			};
			name = Release;
		};
		9C1E45B0279F4CF800E43FE1 /* Debug */ = {
			isa = XCBuildConfiguration;
			buildSettings = {
				ALWAYS_EMBED_SWIFT_STANDARD_LIBRARIES = YES;
				CODE_SIGN_STYLE = Automatic;
				CURRENT_PROJECT_VERSION = 1;
				GENERATE_INFOPLIST_FILE = YES;
				MARKETING_VERSION = 1.0;
				PRODUCT_BUNDLE_IDENTIFIER = "Futures-Lab.Hello-World-2-0UITests";
				PRODUCT_NAME = "$(TARGET_NAME)";
				SWIFT_EMIT_LOC_STRINGS = NO;
				SWIFT_VERSION = 5.0;
				TARGETED_DEVICE_FAMILY = "1,2";
				TEST_TARGET_NAME = "Hello World 2.0";
			};
			name = Debug;
		};
		9C1E45B1279F4CF800E43FE1 /* Release */ = {
			isa = XCBuildConfiguration;
			buildSettings = {
				ALWAYS_EMBED_SWIFT_STANDARD_LIBRARIES = YES;
				CODE_SIGN_STYLE = Automatic;
				CURRENT_PROJECT_VERSION = 1;
				GENERATE_INFOPLIST_FILE = YES;
				MARKETING_VERSION = 1.0;
				PRODUCT_BUNDLE_IDENTIFIER = "Futures-Lab.Hello-World-2-0UITests";
				PRODUCT_NAME = "$(TARGET_NAME)";
				SWIFT_EMIT_LOC_STRINGS = NO;
				SWIFT_VERSION = 5.0;
				TARGETED_DEVICE_FAMILY = "1,2";
				TEST_TARGET_NAME = "Hello World 2.0";
			};
			name = Release;
		};
/* End XCBuildConfiguration section */

/* Begin XCConfigurationList section */
		9C1E457A279F4CF600E43FE1 /* Build configuration list for PBXProject "Hello World 2.0" */ = {
			isa = XCConfigurationList;
			buildConfigurations = (
				9C1E45A7279F4CF800E43FE1 /* Debug */,
				9C1E45A8279F4CF800E43FE1 /* Release */,
			);
			defaultConfigurationIsVisible = 0;
			defaultConfigurationName = Release;
		};
		9C1E45A9279F4CF800E43FE1 /* Build configuration list for PBXNativeTarget "Hello World 2.0" */ = {
			isa = XCConfigurationList;
			buildConfigurations = (
				9C1E45AA279F4CF800E43FE1 /* Debug */,
				9C1E45AB279F4CF800E43FE1 /* Release */,
			);
			defaultConfigurationIsVisible = 0;
			defaultConfigurationName = Release;
		};
		9C1E45AC279F4CF800E43FE1 /* Build configuration list for PBXNativeTarget "Hello World 2.0Tests" */ = {
			isa = XCConfigurationList;
			buildConfigurations = (
				9C1E45AD279F4CF800E43FE1 /* Debug */,
				9C1E45AE279F4CF800E43FE1 /* Release */,
			);
			defaultConfigurationIsVisible = 0;
			defaultConfigurationName = Release;
		};
		9C1E45AF279F4CF800E43FE1 /* Build configuration list for PBXNativeTarget "Hello World 2.0UITests" */ = {
			isa = XCConfigurationList;
			buildConfigurations = (
				9C1E45B0279F4CF800E43FE1 /* Debug */,
				9C1E45B1279F4CF800E43FE1 /* Release */,
			);
			defaultConfigurationIsVisible = 0;
			defaultConfigurationName = Release;
		};
/* End XCConfigurationList section */
	};
	rootObject = 9C1E4577279F4CF600E43FE1 /* Project object */;
}
